[root]
name = "drossel-server"
version = "0.1.0"
dependencies = [
 "drossel 0.1.0 (git+https://github.com/skade/drossel.git#2b6b38e61f6ab9187a1318fb0ab1b3241849446d)",
]

[[package]]
name = "drossel"
version = "0.1.0"
source = "git+https://github.com/skade/drossel.git#2b6b38e61f6ab9187a1318fb0ab1b3241849446d"
dependencies = [
 "strand 0.1.0 (git+https://github.com/skade/strand.git#08c4306a47936bca1e82c2f855bb9219b0fd7838)",
]

[[package]]
name = "strand"
version = "0.1.0"
source = "git+https://github.com/skade/strand.git#08c4306a47936bca1e82c2f855bb9219b0fd7838"

